{
  "version": 4,
  "terraform_version": "1.8.5",
  "serial": 12,
  "lineage": "92647c9c-6b56-0c4d-9ea8-6dd8564294b6",
  "outputs": {},
  "resources": [
    {
      "mode": "data",
      "type": "aws_ami",
      "name": "ubuntu",
      "provider": "provider[\"registry.terraform.io/hashicorp/aws\"]",
      "instances": [
        {
          "schema_version": 0,
          "attributes": {
            "architecture": "x86_64",
            "arn": "arn:aws:ec2:ap-south-1::image/ami-07083120e701c3d78",
            "block_device_mappings": [
              {
                "device_name": "/dev/sda1",
                "ebs": {
                  "delete_on_termination": "true",
                  "encrypted": "false",
                  "iops": "0",
                  "snapshot_id": "snap-0ae88461f6bc6901a",
                  "throughput": "0",
                  "volume_size": "8",
                  "volume_type": "gp2"
                },
                "no_device": "",
                "virtual_name": ""
              },
              {
                "device_name": "/dev/sdb",
                "ebs": {},
                "no_device": "",
                "virtual_name": "ephemeral0"
              },
              {
                "device_name": "/dev/sdc",
                "ebs": {},
                "no_device": "",
                "virtual_name": "ephemeral1"
              }
            ],
            "boot_mode": "uefi-preferred",
            "creation_date": "2024-06-14T04:32:09.000Z",
            "deprecation_time": "2026-06-14T04:32:09.000Z",
            "description": "Canonical, Ubuntu, 22.04 LTS, amd64 jammy image build on 2024-06-14",
            "ena_support": true,
            "executable_users": null,
            "filter": [
              {
                "name": "name",
                "values": [
                  "ubuntu/images/hvm-ssd/ubuntu-jammy-22.04-amd64-server-*"
                ]
              },
              {
                "name": "virtualization-type",
                "values": [
                  "hvm"
                ]
              }
            ],
            "hypervisor": "xen",
            "id": "ami-07083120e701c3d78",
            "image_id": "ami-07083120e701c3d78",
            "image_location": "amazon/ubuntu/images/hvm-ssd/ubuntu-jammy-22.04-amd64-server-20240614",
            "image_owner_alias": "amazon",
            "image_type": "machine",
            "imds_support": "",
            "include_deprecated": false,
            "kernel_id": "",
            "most_recent": true,
            "name": "ubuntu/images/hvm-ssd/ubuntu-jammy-22.04-amd64-server-20240614",
            "name_regex": null,
            "owner_id": "099720109477",
            "owners": [
              "099720109477"
            ],
            "platform": "",
            "platform_details": "Linux/UNIX",
            "product_codes": [],
            "public": true,
            "ramdisk_id": "",
            "root_device_name": "/dev/sda1",
            "root_device_type": "ebs",
            "root_snapshot_id": "snap-0ae88461f6bc6901a",
            "sriov_net_support": "simple",
            "state": "available",
            "state_reason": {
              "code": "UNSET",
              "message": "UNSET"
            },
            "tags": {},
            "timeouts": null,
            "tpm_support": "",
            "usage_operation": "RunInstances",
            "virtualization_type": "hvm"
          },
          "sensitive_attributes": []
        }
      ]
    },
    {
      "module": "module.instance",
      "mode": "managed",
      "type": "aws_instance",
      "name": "ubuntu",
      "provider": "provider[\"registry.terraform.io/hashicorp/aws\"]",
      "instances": [
        {
          "schema_version": 1,
          "attributes": {
            "ami": "ami-07083120e701c3d78",
            "arn": "arn:aws:ec2:ap-south-1:767398031319:instance/i-071440d11292316bb",
            "associate_public_ip_address": true,
            "availability_zone": "ap-south-1a",
            "capacity_reservation_specification": [
              {
                "capacity_reservation_preference": "open",
                "capacity_reservation_target": []
              }
            ],
            "cpu_core_count": 1,
            "cpu_options": [
              {
                "amd_sev_snp": "",
                "core_count": 1,
                "threads_per_core": 1
              }
            ],
            "cpu_threads_per_core": 1,
            "credit_specification": [
              {
                "cpu_credits": "standard"
              }
            ],
            "disable_api_stop": false,
            "disable_api_termination": false,
            "ebs_block_device": [],
            "ebs_optimized": false,
            "enclave_options": [
              {
                "enabled": false
              }
            ],
            "ephemeral_block_device": [],
            "get_password_data": false,
            "hibernation": false,
            "host_id": "",
            "host_resource_group_arn": null,
            "iam_instance_profile": "",
            "id": "i-071440d11292316bb",
            "instance_initiated_shutdown_behavior": "stop",
            "instance_lifecycle": "",
            "instance_market_options": [],
            "instance_state": "running",
            "instance_type": "t2.micro",
            "ipv6_address_count": 0,
            "ipv6_addresses": [],
            "key_name": "aki123",
            "launch_template": [],
            "maintenance_options": [
              {
                "auto_recovery": "default"
              }
            ],
            "metadata_options": [
              {
                "http_endpoint": "enabled",
                "http_protocol_ipv6": "disabled",
                "http_put_response_hop_limit": 1,
                "http_tokens": "optional",
                "instance_metadata_tags": "disabled"
              }
            ],
            "monitoring": false,
            "network_interface": [],
            "outpost_arn": "",
            "password_data": "",
            "placement_group": "",
            "placement_partition_number": 0,
            "primary_network_interface_id": "eni-06432e4fac285f14e",
            "private_dns": "ip-10-0-1-68.ap-south-1.compute.internal",
            "private_dns_name_options": [
              {
                "enable_resource_name_dns_a_record": false,
                "enable_resource_name_dns_aaaa_record": false,
                "hostname_type": "ip-name"
              }
            ],
            "private_ip": "10.0.1.68",
            "public_dns": "",
            "public_ip": "52.66.24.214",
            "root_block_device": [
              {
                "delete_on_termination": true,
                "device_name": "/dev/sda1",
                "encrypted": false,
                "iops": 100,
                "kms_key_id": "",
                "tags": {},
                "tags_all": {},
                "throughput": 0,
                "volume_id": "vol-00ab82b0bca7b7131",
                "volume_size": 8,
                "volume_type": "gp2"
              }
            ],
            "secondary_private_ips": [],
            "security_groups": [],
            "source_dest_check": true,
            "spot_instance_request_id": "",
            "subnet_id": "subnet-00f47329313a2fcd0",
            "tags": {
              "Name": "Project-akshaya"
            },
            "tags_all": {
              "Name": "Project-akshaya"
            },
            "tenancy": "default",
            "timeouts": null,
            "user_data": null,
            "user_data_base64": null,
            "user_data_replace_on_change": false,
            "volume_tags": null,
            "vpc_security_group_ids": [
              "sg-0e349a97c8670f688"
            ]
          },
          "sensitive_attributes": [],
          "private": "eyJlMmJmYjczMC1lY2FhLTExZTYtOGY4OC0zNDM2M2JjN2M0YzAiOnsiY3JlYXRlIjo2MDAwMDAwMDAwMDAsImRlbGV0ZSI6MTIwMDAwMDAwMDAwMCwicmVhZCI6OTAwMDAwMDAwMDAwLCJ1cGRhdGUiOjYwMDAwMDAwMDAwMH0sInNjaGVtYV92ZXJzaW9uIjoiMSJ9",
          "dependencies": [
            "data.aws_ami.ubuntu",
            "module.keypair.aws_key_pair.deployer",
            "module.keypair.tls_private_key.ec2_ssh",
            "module.sg.aws_security_group.web",
            "module.vpc.aws_subnet.public",
            "module.vpc.aws_vpc.main"
          ]
        }
      ]
    },
    {
      "module": "module.keypair",
      "mode": "managed",
      "type": "aws_key_pair",
      "name": "deployer",
      "provider": "provider[\"registry.terraform.io/hashicorp/aws\"]",
      "instances": [
        {
          "schema_version": 1,
          "attributes": {
            "arn": "arn:aws:ec2:ap-south-1:767398031319:key-pair/aki123",
            "fingerprint": "b1:19:77:5c:e1:ea:b0:a9:41:9a:a7:be:b9:b1:2c:9d",
            "id": "aki123",
            "key_name": "aki123",
            "key_name_prefix": "",
            "key_pair_id": "key-0f35c6f57812c6bb5",
            "key_type": "rsa",
            "public_key": "ssh-rsa AAAAB3NzaC1yc2EAAAADAQABAAACAQDF99h+DLmUpTLRFJuTAS5JZO7SVjVCdWdr5L8EFcq1ChUUTznIbR2692l8qYgFdj22KuGgfvhVb0UJ1t1taLk1/dLqyd+Ua1dpkluErZ6f9qwE4CTC1oQPZIWDA0gvta+x6Z4roUX1j4fhDeXnva4P4KKXCbgRNseFZI1VzUzwTH2A8Uk2xi9zGQdoSVESxC6SF8FB7aTRqnNLG4qKzu+dZpKHAUG1B3lS0UX/cuI78KKWyN10eeon9lhx7DRks3IdTA6+wv53ySV1Zeuj468EOQD6osa2MuW/mELCnzNiFzYSaHcrKgmHIyeINMZ8BitNCOu5vthTrksEZuy9YA+TgfvbSwk3f9f/8iUK04aKvxXm8UswnrsyQAZ3bsjIjt48M8tTqTyBaMtk56+d4x4xf9OskR8QkGGDSxa3xxfcI8d8jPNOsEO/rMaX1jshkTVkib5BB+POpUj9JmOumEvnix+zq0mhvVjLjQi19EtvOn/f9F9Z9g3FtC4BT8AbdhvLNSu8V/6MmmJKB8S/2sSjZjP2OM3SJAuKriZy5NBSiW8NeEokraDwX6/F7KuzHDdbIPPLCdA150eOwEb98i7mXWCLZ+WOUFrDvvAWt+D6yKvHnPOi3BXj6sm3D2hu2AyfzUtcDV3Xxkq+psD6sgm+tE44jffJciRtDNukYr0vQQ==",
            "tags": {
              "Name": "aksya"
            },
            "tags_all": {
              "Name": "aksya"
            }
          },
          "sensitive_attributes": [],
          "private": "eyJzY2hlbWFfdmVyc2lvbiI6IjEifQ==",
          "dependencies": [
            "module.keypair.tls_private_key.ec2_ssh"
          ]
        }
      ]
    },
    {
      "module": "module.keypair",
      "mode": "managed",
      "type": "local_file",
      "name": "tf-key",
      "provider": "provider[\"registry.terraform.io/hashicorp/local\"]",
      "instances": [
        {
          "schema_version": 0,
          "attributes": {
            "content": "-----BEGIN RSA PRIVATE KEY-----\nMIIJKQIBAAKCAgEAxffYfgy5lKUy0RSbkwEuSWTu0lY1QnVna+S/BBXKtQoVFE85\nyG0duvdpfKmIBXY9tirhoH74VW9FCdbdbWi5Nf3S6snflGtXaZJbhK2en/asBOAk\nwtaED2SFgwNIL7WvsemeK6FF9Y+H4Q3l572uD+Cilwm4ETbHhWSNVc1M8Ex9gPFJ\nNsYvcxkHaElREsQukhfBQe2k0apzSxuKis7vnWaShwFBtQd5UtFF/3LiO/Cilsjd\ndHnqJ/ZYcew0ZLNyHUwOvsL+d8kldWXro+OvBDkA+qLGtjLlv5hCwp8zYhc2Emh3\nKyoJhyMniDTGfAYrTQjrub7YU65LBGbsvWAPk4H720sJN3/X//IlCtOGir8V5vFL\nMJ67MkAGd27IyI7ePDPLU6k8gWjLZOevneMeMX/TrJEfEJBhg0sWt8cX3CPHfIzz\nTrBDv6zGl9Y7IZE1ZIm+QQfjzqVI/SZjrphL54sfs6tJob1Yy40ItfRLbzp/3/Rf\nWfYNxbQuAU/AG3YbyzUrvFf+jJpiSgfEv9rEo2Yz9jjN0iQLiq4mcuTQUolvDXhK\nJK2g8F+vxeyrsxw3WyDzywnQNedHjsBG/fIu5l1gi2fljlBaw77wFrfg+sirx5zz\notwV4+rJtw9obtgMn81LXA1d18ZKvqbA+rIJvrROOI33yXIkbQzbpGK9L0ECAwEA\nAQKCAgBQvZHdbwEtf+bm4TnGTf/7zR+eR6y3Kz0AAy5o0x52keMhAmL1vJMYkxnB\nzz77w0rOBlU5aS+NYLFOnwR2P/Tx8VDZk3YNiW4AT8Hlrg34/dkQr/4uPOFlicDu\nOyNw2fALZtWsw7zNtzla75kp1/Gq5hpJ8ZvR4X6kh+sg6HeNthSlx0LuBQyLK9Ua\nknRva/X2fZvDcNH89UDKjDQIAvg1QQVX7IpI9ABmZ5Xd5pQgkDcvukKf4609mTpf\nVE/WFl3fVwrYgJzaa/5MEEJ3+D+EQF+G2WakHsQXTVlFGTsSsZbLETIxN5blN9BC\nvAuLv9RfOdkyS4TdNEPCStwZLJmM/tmJku359dn8FeNJr8Psmfhw9hiUXRuKN+jW\nCH8nAUNyWBd1ZWFfUMgUp8TjC83iQmup0N+HzTVLS/F1qnN1g0Rl+2oJVZjxN/V2\n+Z4XvF1ONLnq6WCmhfruddEYrt4XPxBg3ODQkBPpqFrB6F8hUAD9hzGYpYsbHE70\nZ6//Qgh08LKYgwTfuWcqLMDuUyAQ5TvgwUwsv2sD724XUfJAMPPDIW2yKeuci7zH\ngyOIwCfq/OOyXiZAwmT7pQHwRCbwnc0E6yQ+YEzCSB+lovjUjDGDTfiNKV57jHtb\nqwqq+oaoRI1hKgW88DFbEvN+sOIxXmem0qu7lHS2xgKNaQPzAQKCAQEA7cExl+XY\nnmtt9c/Ey2SOsHCYNeBqfIY3SjBVpm4Zb+JRUSphLNI57bMZSuWni/NN84xyUfym\nEbrM7uGmENfwGDm04Pigm2fMrjPZkyi0ZxWoj56KPxfmyXwCQ/6EapsNC09H3Iox\nH1PCZu3UrLmlHOMxGaAmLH8oFND4YH46JXEYXTedoP4r6gyT/sRM5I829vgsRRKH\nCCK8S7yPnR7y08XXbGK1ibNa/GpZCGzNHFDBfivHDunuvRZH4YrhMuQ29Ddr7icT\nNgZvophCEVFXjKZFZixD1YAAQAVOVEaXn9UxzEJRP7n+IDM55/ls6l810aq6GPC0\n5BdNdIaI/vVl8QKCAQEA1SkGxUD0+RTSHlvZDqPB+sWTPsTT7apDvu/i/4nlmqVW\n9DIohkDqmvI9REIChEABwy2HTY4Uv7YFqRlE5UFjRRZfnOJ9RwicgnDZQrAvevfb\ncuMGLhCWc9JgqJHeRrgkF5ga/7O7WjcXQ4EZbo9BJRvA8eApDx8lK6VlgXI4B9AI\nSyXiHIU9pESg77wo8gdzaeka/wPESfOFKMjtyU0dNdavUP+kAy8x/1+jC0/1DIvh\nLraXZnDKUH7uhrh16fe0/MirZLNT27DGkuoj/FL6Rov2x0mFJTfWhHBCPosbqMuW\nd6rA2cabk7M1q2YHRyUxWYtk/yt5CpiBFCEp4BDOUQKCAQB7MykntQrSzIhmYAtx\n+eGWvEGjaW7EqCfuYa2AWH0F5RiOHo/MUgOCkNQCY462jpVOJvD2Wx0TAuE+x97t\ny3e2lfCMw0k2Pktp2aRdBTK2WBrIkTbCCvikX4YtBa5IL6BKxAJQ3asmuJh8DbGu\n72QH3BKNXNdrJ1j1sHOETOSEkl41r6QW0J6g4XOvCLlvlma9A0ytXjRqmtVHyaYB\nnQ/nfRVsLJo1iKMVOWZ5XyfKDG63mqfDqqTzhqAo13ZqkKeJVU6wUb86t4sRjiRu\nJOBhGafMkhN0hqeahSVZtlrLkAYF+jdv9kkhFmpjMnSl3kBdLULRuamCqDCSuUQ0\nGaWBAoIBAQCijD6VfQtSRgZVEEVdXJM34CKA4yeZPRWcLOI1a7qjSyIb5YPxnN9K\neR8vRgcVQpoVdEqRYZ+A8hUu9g4LpOlGbeFLiYtu96oh7lw+9ou+gfPekDDOP+f7\nOppq8ZFG7HTZaSxtgWmFSi17VJ9IKAXNfnSL/hxRY7a8qcvWAnunuYQZijH6/cAb\n3Bm9twaiSfxA73mergipPAJ3L4Hk1+FGhQf8BHXV18+QpiV3IuoDP0fgj2y0uZ4N\n9D2AjnmciUCC46OPjxCLnypOLi5y4/PmiCUPo4jc8M+s/s4FU58sANQlPRkC+Oj6\noNZ0dcFnB32ygxHpZAVRhyonZ4K/UxGBAoIBAQDmqFoqMEyZwVDBodPXIs0mGJTm\nYNNmrbxj/bwsZg29UWlxUwUgn1sA4TzAc1JgXbO6/Od8LpCJXbhJZQyXQm8rmYQm\nA7LDib94WZjcaXyipoz6ns0vsK0yS+CZ2fEFKC2V8lFa0f7W2wPyGUsfSygRzIAs\nIUsJS4G/j+rFpp7X6GGWMQVOWZ2nHtecWUQhxsXaVHUgrSA8JEav1WsQxPbft2sg\n+1aat/YwtG7gwmQ/J7wRxvpdXCe7uP7H3HDt2/x8v0MfUF8aq4j5q3CL1BzqJWUh\ncHVR7JXfl6dI3irqTc5gOfuez1mHdBGwOyB7+QSZG94jBHXVJH/yILbTSOJd\n-----END RSA PRIVATE KEY-----\n",
            "content_base64": null,
            "content_base64sha256": "NpQkFazoKcMIbU1KAY7YDNUFaCSJFjhrz+/1/ZNJavw=",
            "content_base64sha512": "RnC1d5ChczLaUHXshavh9TgRC9mFJxi+f0lmuom2vH1d/UFXDThXex6xXgsC072lArWrzmcpasII9aFH8uiDcg==",
            "content_md5": "6497551f9bf0aa93d5e2a4bf75db011b",
            "content_sha1": "48c7b7990506c9307cdb2a2c519f38900b69247e",
            "content_sha256": "36942415ace829c3086d4d4a018ed80cd50568248916386bcfeff5fd93496afc",
            "content_sha512": "4670b57790a17332da5075ec85abe1f538110bd9852718be7f4966ba89b6bc7d5dfd41570d38577b1eb15e0b02d3bda502b5abce67296ac208f5a147f2e88372",
            "directory_permission": "0777",
            "file_permission": "0777",
            "filename": "aki123.pem",
            "id": "48c7b7990506c9307cdb2a2c519f38900b69247e",
            "sensitive_content": null,
            "source": null
          },
          "sensitive_attributes": [
            [
              {
                "type": "get_attr",
                "value": "content"
              }
            ],
            [
              {
                "type": "get_attr",
                "value": "sensitive_content"
              }
            ]
          ],
          "dependencies": [
            "module.keypair.tls_private_key.ec2_ssh"
          ]
        }
      ]
    },
    {
      "module": "module.keypair",
      "mode": "managed",
      "type": "tls_private_key",
      "name": "ec2_ssh",
      "provider": "provider[\"registry.terraform.io/hashicorp/tls\"]",
      "instances": [
        {
          "schema_version": 1,
          "attributes": {
            "algorithm": "RSA",
            "ecdsa_curve": "P224",
            "id": "5118a1086c5e714ccfe5536e34da2c466e9a461b",
            "private_key_openssh": "-----BEGIN OPENSSH PRIVATE KEY-----\nb3BlbnNzaC1rZXktdjEAAAAABG5vbmUAAAAEbm9uZQAAAAAAAAABAAACFwAAAAdz\nc2gtcnNhAAAAAwEAAQAAAgEAxffYfgy5lKUy0RSbkwEuSWTu0lY1QnVna+S/BBXK\ntQoVFE85yG0duvdpfKmIBXY9tirhoH74VW9FCdbdbWi5Nf3S6snflGtXaZJbhK2e\nn/asBOAkwtaED2SFgwNIL7WvsemeK6FF9Y+H4Q3l572uD+Cilwm4ETbHhWSNVc1M\n8Ex9gPFJNsYvcxkHaElREsQukhfBQe2k0apzSxuKis7vnWaShwFBtQd5UtFF/3Li\nO/CilsjddHnqJ/ZYcew0ZLNyHUwOvsL+d8kldWXro+OvBDkA+qLGtjLlv5hCwp8z\nYhc2Emh3KyoJhyMniDTGfAYrTQjrub7YU65LBGbsvWAPk4H720sJN3/X//IlCtOG\nir8V5vFLMJ67MkAGd27IyI7ePDPLU6k8gWjLZOevneMeMX/TrJEfEJBhg0sWt8cX\n3CPHfIzzTrBDv6zGl9Y7IZE1ZIm+QQfjzqVI/SZjrphL54sfs6tJob1Yy40ItfRL\nbzp/3/RfWfYNxbQuAU/AG3YbyzUrvFf+jJpiSgfEv9rEo2Yz9jjN0iQLiq4mcuTQ\nUolvDXhKJK2g8F+vxeyrsxw3WyDzywnQNedHjsBG/fIu5l1gi2fljlBaw77wFrfg\n+sirx5zzotwV4+rJtw9obtgMn81LXA1d18ZKvqbA+rIJvrROOI33yXIkbQzbpGK9\nL0EAAAc42CRkP9gkZD8AAAAHc3NoLXJzYQAAAgEAxffYfgy5lKUy0RSbkwEuSWTu\n0lY1QnVna+S/BBXKtQoVFE85yG0duvdpfKmIBXY9tirhoH74VW9FCdbdbWi5Nf3S\n6snflGtXaZJbhK2en/asBOAkwtaED2SFgwNIL7WvsemeK6FF9Y+H4Q3l572uD+Ci\nlwm4ETbHhWSNVc1M8Ex9gPFJNsYvcxkHaElREsQukhfBQe2k0apzSxuKis7vnWaS\nhwFBtQd5UtFF/3LiO/CilsjddHnqJ/ZYcew0ZLNyHUwOvsL+d8kldWXro+OvBDkA\n+qLGtjLlv5hCwp8zYhc2Emh3KyoJhyMniDTGfAYrTQjrub7YU65LBGbsvWAPk4H7\n20sJN3/X//IlCtOGir8V5vFLMJ67MkAGd27IyI7ePDPLU6k8gWjLZOevneMeMX/T\nrJEfEJBhg0sWt8cX3CPHfIzzTrBDv6zGl9Y7IZE1ZIm+QQfjzqVI/SZjrphL54sf\ns6tJob1Yy40ItfRLbzp/3/RfWfYNxbQuAU/AG3YbyzUrvFf+jJpiSgfEv9rEo2Yz\n9jjN0iQLiq4mcuTQUolvDXhKJK2g8F+vxeyrsxw3WyDzywnQNedHjsBG/fIu5l1g\ni2fljlBaw77wFrfg+sirx5zzotwV4+rJtw9obtgMn81LXA1d18ZKvqbA+rIJvrRO\nOI33yXIkbQzbpGK9L0EAAAADAQABAAACAFC9kd1vAS1/5ubhOcZN//vNH55HrLcr\nPQADLmjTHnaR4yECYvW8kxiTGcHPPvvDSs4GVTlpL41gsU6fBHY/9PHxUNmTdg2J\nbgBPweWuDfj92RCv/i484WWJwO47I3DZ8Atm1azDvM23OVrvmSnX8armGknxm9Hh\nfqSH6yDod422FKXHQu4FDIsr1RqSdG9r9fZ9m8Nw0fz1QMqMNAgC+DVBBVfsikj0\nAGZnld3mlCCQNy+6Qp/jrT2ZOl9UT9YWXd9XCtiAnNpr/kwQQnf4P4RAX4bZZqQe\nxBdNWUUZOxKxlssRMjE3luU30EK8C4u/1F852TJLhN00Q8JK3BksmYz+2YmS7fn1\n2fwV40mvw+yZ+HD2GJRdG4o36NYIfycBQ3JYF3VlYV9QyBSnxOMLzeJCa6nQ34fN\nNUtL8XWqc3WDRGX7aglVmPE39Xb5nhe8XU40uerpYKaF+u510Riu3hc/EGDc4NCQ\nE+moWsHoXyFQAP2HMZilixscTvRnr/9CCHTwspiDBN+5ZyoswO5TIBDlO+DBTCy/\nawPvbhdR8kAw88MhbbIp65yLvMeDI4jAJ+r847JeJkDCZPulAfBEJvCdzQTrJD5g\nTMJIH6Wi+NSMMYNN+I0pXnuMe1urCqr6hqhEjWEqBbzwMVsS836w4jFeZ6bSq7uU\ndLbGAo1pA/MBAAABAQDmqFoqMEyZwVDBodPXIs0mGJTmYNNmrbxj/bwsZg29UWlx\nUwUgn1sA4TzAc1JgXbO6/Od8LpCJXbhJZQyXQm8rmYQmA7LDib94WZjcaXyipoz6\nns0vsK0yS+CZ2fEFKC2V8lFa0f7W2wPyGUsfSygRzIAsIUsJS4G/j+rFpp7X6GGW\nMQVOWZ2nHtecWUQhxsXaVHUgrSA8JEav1WsQxPbft2sg+1aat/YwtG7gwmQ/J7wR\nxvpdXCe7uP7H3HDt2/x8v0MfUF8aq4j5q3CL1BzqJWUhcHVR7JXfl6dI3irqTc5g\nOfuez1mHdBGwOyB7+QSZG94jBHXVJH/yILbTSOJdAAABAQDtwTGX5diea231z8TL\nZI6wcJg14Gp8hjdKMFWmbhlv4lFRKmEs0jntsxlK5aeL803zjHJR/KYRuszu4aYQ\n1/AYObTg+KCbZ8yuM9mTKLRnFaiPnoo/F+bJfAJD/oRqmw0LT0fcijEfU8Jm7dSs\nuaUc4zEZoCYsfygU0PhgfjolcRhdN52g/ivqDJP+xEzkjzb2+CxFEocIIrxLvI+d\nHvLTxddsYrWJs1r8alkIbM0cUMF+K8cO6e69FkfhiuEy5Db0N2vuJxM2Bm+imEIR\nUVeMpkVmLEPVgABABU5URpef1THMQlE/uf4gMznn+WzqXzXRqroY8LTkF010hoj+\n9WXxAAABAQDVKQbFQPT5FNIeW9kOo8H6xZM+xNPtqkO+7+L/ieWapVb0MiiGQOqa\n8j1EQgKEQAHDLYdNjhS/tgWpGUTlQWNFFl+c4n1HCJyCcNlCsC9699ty4wYuEJZz\n0mCokd5GuCQXmBr/s7taNxdDgRluj0ElG8Dx4CkPHyUrpWWBcjgH0AhLJeIchT2k\nRKDvvCjyB3Np6Rr/A8RJ84UoyO3JTR011q9Q/6QDLzH/X6MLT/UMi+EutpdmcMpQ\nfu6GuHXp97T8yKtks1PbsMaS6iP8UvpGi/bHSYUlN9aEcEI+ixuoy5Z3qsDZxpuT\nszWrZgdHJTFZi2T/K3kKmIEUISngEM5RAAAAAAEC\n-----END OPENSSH PRIVATE KEY-----\n",
            "private_key_pem": "-----BEGIN RSA PRIVATE KEY-----\nMIIJKQIBAAKCAgEAxffYfgy5lKUy0RSbkwEuSWTu0lY1QnVna+S/BBXKtQoVFE85\nyG0duvdpfKmIBXY9tirhoH74VW9FCdbdbWi5Nf3S6snflGtXaZJbhK2en/asBOAk\nwtaED2SFgwNIL7WvsemeK6FF9Y+H4Q3l572uD+Cilwm4ETbHhWSNVc1M8Ex9gPFJ\nNsYvcxkHaElREsQukhfBQe2k0apzSxuKis7vnWaShwFBtQd5UtFF/3LiO/Cilsjd\ndHnqJ/ZYcew0ZLNyHUwOvsL+d8kldWXro+OvBDkA+qLGtjLlv5hCwp8zYhc2Emh3\nKyoJhyMniDTGfAYrTQjrub7YU65LBGbsvWAPk4H720sJN3/X//IlCtOGir8V5vFL\nMJ67MkAGd27IyI7ePDPLU6k8gWjLZOevneMeMX/TrJEfEJBhg0sWt8cX3CPHfIzz\nTrBDv6zGl9Y7IZE1ZIm+QQfjzqVI/SZjrphL54sfs6tJob1Yy40ItfRLbzp/3/Rf\nWfYNxbQuAU/AG3YbyzUrvFf+jJpiSgfEv9rEo2Yz9jjN0iQLiq4mcuTQUolvDXhK\nJK2g8F+vxeyrsxw3WyDzywnQNedHjsBG/fIu5l1gi2fljlBaw77wFrfg+sirx5zz\notwV4+rJtw9obtgMn81LXA1d18ZKvqbA+rIJvrROOI33yXIkbQzbpGK9L0ECAwEA\nAQKCAgBQvZHdbwEtf+bm4TnGTf/7zR+eR6y3Kz0AAy5o0x52keMhAmL1vJMYkxnB\nzz77w0rOBlU5aS+NYLFOnwR2P/Tx8VDZk3YNiW4AT8Hlrg34/dkQr/4uPOFlicDu\nOyNw2fALZtWsw7zNtzla75kp1/Gq5hpJ8ZvR4X6kh+sg6HeNthSlx0LuBQyLK9Ua\nknRva/X2fZvDcNH89UDKjDQIAvg1QQVX7IpI9ABmZ5Xd5pQgkDcvukKf4609mTpf\nVE/WFl3fVwrYgJzaa/5MEEJ3+D+EQF+G2WakHsQXTVlFGTsSsZbLETIxN5blN9BC\nvAuLv9RfOdkyS4TdNEPCStwZLJmM/tmJku359dn8FeNJr8Psmfhw9hiUXRuKN+jW\nCH8nAUNyWBd1ZWFfUMgUp8TjC83iQmup0N+HzTVLS/F1qnN1g0Rl+2oJVZjxN/V2\n+Z4XvF1ONLnq6WCmhfruddEYrt4XPxBg3ODQkBPpqFrB6F8hUAD9hzGYpYsbHE70\nZ6//Qgh08LKYgwTfuWcqLMDuUyAQ5TvgwUwsv2sD724XUfJAMPPDIW2yKeuci7zH\ngyOIwCfq/OOyXiZAwmT7pQHwRCbwnc0E6yQ+YEzCSB+lovjUjDGDTfiNKV57jHtb\nqwqq+oaoRI1hKgW88DFbEvN+sOIxXmem0qu7lHS2xgKNaQPzAQKCAQEA7cExl+XY\nnmtt9c/Ey2SOsHCYNeBqfIY3SjBVpm4Zb+JRUSphLNI57bMZSuWni/NN84xyUfym\nEbrM7uGmENfwGDm04Pigm2fMrjPZkyi0ZxWoj56KPxfmyXwCQ/6EapsNC09H3Iox\nH1PCZu3UrLmlHOMxGaAmLH8oFND4YH46JXEYXTedoP4r6gyT/sRM5I829vgsRRKH\nCCK8S7yPnR7y08XXbGK1ibNa/GpZCGzNHFDBfivHDunuvRZH4YrhMuQ29Ddr7icT\nNgZvophCEVFXjKZFZixD1YAAQAVOVEaXn9UxzEJRP7n+IDM55/ls6l810aq6GPC0\n5BdNdIaI/vVl8QKCAQEA1SkGxUD0+RTSHlvZDqPB+sWTPsTT7apDvu/i/4nlmqVW\n9DIohkDqmvI9REIChEABwy2HTY4Uv7YFqRlE5UFjRRZfnOJ9RwicgnDZQrAvevfb\ncuMGLhCWc9JgqJHeRrgkF5ga/7O7WjcXQ4EZbo9BJRvA8eApDx8lK6VlgXI4B9AI\nSyXiHIU9pESg77wo8gdzaeka/wPESfOFKMjtyU0dNdavUP+kAy8x/1+jC0/1DIvh\nLraXZnDKUH7uhrh16fe0/MirZLNT27DGkuoj/FL6Rov2x0mFJTfWhHBCPosbqMuW\nd6rA2cabk7M1q2YHRyUxWYtk/yt5CpiBFCEp4BDOUQKCAQB7MykntQrSzIhmYAtx\n+eGWvEGjaW7EqCfuYa2AWH0F5RiOHo/MUgOCkNQCY462jpVOJvD2Wx0TAuE+x97t\ny3e2lfCMw0k2Pktp2aRdBTK2WBrIkTbCCvikX4YtBa5IL6BKxAJQ3asmuJh8DbGu\n72QH3BKNXNdrJ1j1sHOETOSEkl41r6QW0J6g4XOvCLlvlma9A0ytXjRqmtVHyaYB\nnQ/nfRVsLJo1iKMVOWZ5XyfKDG63mqfDqqTzhqAo13ZqkKeJVU6wUb86t4sRjiRu\nJOBhGafMkhN0hqeahSVZtlrLkAYF+jdv9kkhFmpjMnSl3kBdLULRuamCqDCSuUQ0\nGaWBAoIBAQCijD6VfQtSRgZVEEVdXJM34CKA4yeZPRWcLOI1a7qjSyIb5YPxnN9K\neR8vRgcVQpoVdEqRYZ+A8hUu9g4LpOlGbeFLiYtu96oh7lw+9ou+gfPekDDOP+f7\nOppq8ZFG7HTZaSxtgWmFSi17VJ9IKAXNfnSL/hxRY7a8qcvWAnunuYQZijH6/cAb\n3Bm9twaiSfxA73mergipPAJ3L4Hk1+FGhQf8BHXV18+QpiV3IuoDP0fgj2y0uZ4N\n9D2AjnmciUCC46OPjxCLnypOLi5y4/PmiCUPo4jc8M+s/s4FU58sANQlPRkC+Oj6\noNZ0dcFnB32ygxHpZAVRhyonZ4K/UxGBAoIBAQDmqFoqMEyZwVDBodPXIs0mGJTm\nYNNmrbxj/bwsZg29UWlxUwUgn1sA4TzAc1JgXbO6/Od8LpCJXbhJZQyXQm8rmYQm\nA7LDib94WZjcaXyipoz6ns0vsK0yS+CZ2fEFKC2V8lFa0f7W2wPyGUsfSygRzIAs\nIUsJS4G/j+rFpp7X6GGWMQVOWZ2nHtecWUQhxsXaVHUgrSA8JEav1WsQxPbft2sg\n+1aat/YwtG7gwmQ/J7wRxvpdXCe7uP7H3HDt2/x8v0MfUF8aq4j5q3CL1BzqJWUh\ncHVR7JXfl6dI3irqTc5gOfuez1mHdBGwOyB7+QSZG94jBHXVJH/yILbTSOJd\n-----END RSA PRIVATE KEY-----\n",
            "private_key_pem_pkcs8": "-----BEGIN PRIVATE KEY-----\nMIIJQwIBADANBgkqhkiG9w0BAQEFAASCCS0wggkpAgEAAoICAQDF99h+DLmUpTLR\nFJuTAS5JZO7SVjVCdWdr5L8EFcq1ChUUTznIbR2692l8qYgFdj22KuGgfvhVb0UJ\n1t1taLk1/dLqyd+Ua1dpkluErZ6f9qwE4CTC1oQPZIWDA0gvta+x6Z4roUX1j4fh\nDeXnva4P4KKXCbgRNseFZI1VzUzwTH2A8Uk2xi9zGQdoSVESxC6SF8FB7aTRqnNL\nG4qKzu+dZpKHAUG1B3lS0UX/cuI78KKWyN10eeon9lhx7DRks3IdTA6+wv53ySV1\nZeuj468EOQD6osa2MuW/mELCnzNiFzYSaHcrKgmHIyeINMZ8BitNCOu5vthTrksE\nZuy9YA+TgfvbSwk3f9f/8iUK04aKvxXm8UswnrsyQAZ3bsjIjt48M8tTqTyBaMtk\n56+d4x4xf9OskR8QkGGDSxa3xxfcI8d8jPNOsEO/rMaX1jshkTVkib5BB+POpUj9\nJmOumEvnix+zq0mhvVjLjQi19EtvOn/f9F9Z9g3FtC4BT8AbdhvLNSu8V/6MmmJK\nB8S/2sSjZjP2OM3SJAuKriZy5NBSiW8NeEokraDwX6/F7KuzHDdbIPPLCdA150eO\nwEb98i7mXWCLZ+WOUFrDvvAWt+D6yKvHnPOi3BXj6sm3D2hu2AyfzUtcDV3Xxkq+\npsD6sgm+tE44jffJciRtDNukYr0vQQIDAQABAoICAFC9kd1vAS1/5ubhOcZN//vN\nH55HrLcrPQADLmjTHnaR4yECYvW8kxiTGcHPPvvDSs4GVTlpL41gsU6fBHY/9PHx\nUNmTdg2JbgBPweWuDfj92RCv/i484WWJwO47I3DZ8Atm1azDvM23OVrvmSnX8arm\nGknxm9HhfqSH6yDod422FKXHQu4FDIsr1RqSdG9r9fZ9m8Nw0fz1QMqMNAgC+DVB\nBVfsikj0AGZnld3mlCCQNy+6Qp/jrT2ZOl9UT9YWXd9XCtiAnNpr/kwQQnf4P4RA\nX4bZZqQexBdNWUUZOxKxlssRMjE3luU30EK8C4u/1F852TJLhN00Q8JK3BksmYz+\n2YmS7fn12fwV40mvw+yZ+HD2GJRdG4o36NYIfycBQ3JYF3VlYV9QyBSnxOMLzeJC\na6nQ34fNNUtL8XWqc3WDRGX7aglVmPE39Xb5nhe8XU40uerpYKaF+u510Riu3hc/\nEGDc4NCQE+moWsHoXyFQAP2HMZilixscTvRnr/9CCHTwspiDBN+5ZyoswO5TIBDl\nO+DBTCy/awPvbhdR8kAw88MhbbIp65yLvMeDI4jAJ+r847JeJkDCZPulAfBEJvCd\nzQTrJD5gTMJIH6Wi+NSMMYNN+I0pXnuMe1urCqr6hqhEjWEqBbzwMVsS836w4jFe\nZ6bSq7uUdLbGAo1pA/MBAoIBAQDtwTGX5diea231z8TLZI6wcJg14Gp8hjdKMFWm\nbhlv4lFRKmEs0jntsxlK5aeL803zjHJR/KYRuszu4aYQ1/AYObTg+KCbZ8yuM9mT\nKLRnFaiPnoo/F+bJfAJD/oRqmw0LT0fcijEfU8Jm7dSsuaUc4zEZoCYsfygU0Phg\nfjolcRhdN52g/ivqDJP+xEzkjzb2+CxFEocIIrxLvI+dHvLTxddsYrWJs1r8alkI\nbM0cUMF+K8cO6e69FkfhiuEy5Db0N2vuJxM2Bm+imEIRUVeMpkVmLEPVgABABU5U\nRpef1THMQlE/uf4gMznn+WzqXzXRqroY8LTkF010hoj+9WXxAoIBAQDVKQbFQPT5\nFNIeW9kOo8H6xZM+xNPtqkO+7+L/ieWapVb0MiiGQOqa8j1EQgKEQAHDLYdNjhS/\ntgWpGUTlQWNFFl+c4n1HCJyCcNlCsC9699ty4wYuEJZz0mCokd5GuCQXmBr/s7ta\nNxdDgRluj0ElG8Dx4CkPHyUrpWWBcjgH0AhLJeIchT2kRKDvvCjyB3Np6Rr/A8RJ\n84UoyO3JTR011q9Q/6QDLzH/X6MLT/UMi+EutpdmcMpQfu6GuHXp97T8yKtks1Pb\nsMaS6iP8UvpGi/bHSYUlN9aEcEI+ixuoy5Z3qsDZxpuTszWrZgdHJTFZi2T/K3kK\nmIEUISngEM5RAoIBAHszKSe1CtLMiGZgC3H54Za8QaNpbsSoJ+5hrYBYfQXlGI4e\nj8xSA4KQ1AJjjraOlU4m8PZbHRMC4T7H3u3Ld7aV8IzDSTY+S2nZpF0FMrZYGsiR\nNsIK+KRfhi0FrkgvoErEAlDdqya4mHwNsa7vZAfcEo1c12snWPWwc4RM5ISSXjWv\npBbQnqDhc68IuW+WZr0DTK1eNGqa1UfJpgGdD+d9FWwsmjWIoxU5ZnlfJ8oMbrea\np8OqpPOGoCjXdmqQp4lVTrBRvzq3ixGOJG4k4GEZp8ySE3SGp5qFJVm2WsuQBgX6\nN2/2SSEWamMydKXeQF0tQtG5qYKoMJK5RDQZpYECggEBAKKMPpV9C1JGBlUQRV1c\nkzfgIoDjJ5k9FZws4jVruqNLIhvlg/Gc30p5Hy9GBxVCmhV0SpFhn4DyFS72Dguk\n6UZt4UuJi273qiHuXD72i76B896QMM4/5/s6mmrxkUbsdNlpLG2BaYVKLXtUn0go\nBc1+dIv+HFFjtrypy9YCe6e5hBmKMfr9wBvcGb23BqJJ/EDveZ6uCKk8AncvgeTX\n4UaFB/wEddXXz5CmJXci6gM/R+CPbLS5ng30PYCOeZyJQILjo4+PEIufKk4uLnLj\n8+aIJQ+jiNzwz6z+zgVTnywA1CU9GQL46Pqg1nR1wWcHfbKDEelkBVGHKidngr9T\nEYECggEBAOaoWiowTJnBUMGh09cizSYYlOZg02atvGP9vCxmDb1RaXFTBSCfWwDh\nPMBzUmBds7r853wukIlduEllDJdCbyuZhCYDssOJv3hZmNxpfKKmjPqezS+wrTJL\n4JnZ8QUoLZXyUVrR/tbbA/IZSx9LKBHMgCwhSwlLgb+P6sWmntfoYZYxBU5Znace\n15xZRCHGxdpUdSCtIDwkRq/VaxDE9t+3ayD7Vpq39jC0buDCZD8nvBHG+l1cJ7u4\n/sfccO3b/Hy/Qx9QXxqriPmrcIvUHOolZSFwdVHsld+Xp0jeKupNzmA5+57PWYd0\nEbA7IHv5BJkb3iMEddUkf/IgttNI4l0=\n-----END PRIVATE KEY-----\n",
            "public_key_fingerprint_md5": "06:2a:b0:a2:2e:46:98:5b:b4:c3:99:c9:d3:03:8a:fe",
            "public_key_fingerprint_sha256": "SHA256:lGDRqKwfG9v6+VbihXhvFX4dTWy6i4+oVaiksgfXgXw",
            "public_key_openssh": "ssh-rsa AAAAB3NzaC1yc2EAAAADAQABAAACAQDF99h+DLmUpTLRFJuTAS5JZO7SVjVCdWdr5L8EFcq1ChUUTznIbR2692l8qYgFdj22KuGgfvhVb0UJ1t1taLk1/dLqyd+Ua1dpkluErZ6f9qwE4CTC1oQPZIWDA0gvta+x6Z4roUX1j4fhDeXnva4P4KKXCbgRNseFZI1VzUzwTH2A8Uk2xi9zGQdoSVESxC6SF8FB7aTRqnNLG4qKzu+dZpKHAUG1B3lS0UX/cuI78KKWyN10eeon9lhx7DRks3IdTA6+wv53ySV1Zeuj468EOQD6osa2MuW/mELCnzNiFzYSaHcrKgmHIyeINMZ8BitNCOu5vthTrksEZuy9YA+TgfvbSwk3f9f/8iUK04aKvxXm8UswnrsyQAZ3bsjIjt48M8tTqTyBaMtk56+d4x4xf9OskR8QkGGDSxa3xxfcI8d8jPNOsEO/rMaX1jshkTVkib5BB+POpUj9JmOumEvnix+zq0mhvVjLjQi19EtvOn/f9F9Z9g3FtC4BT8AbdhvLNSu8V/6MmmJKB8S/2sSjZjP2OM3SJAuKriZy5NBSiW8NeEokraDwX6/F7KuzHDdbIPPLCdA150eOwEb98i7mXWCLZ+WOUFrDvvAWt+D6yKvHnPOi3BXj6sm3D2hu2AyfzUtcDV3Xxkq+psD6sgm+tE44jffJciRtDNukYr0vQQ==\n",
            "public_key_pem": "-----BEGIN PUBLIC KEY-----\nMIICIjANBgkqhkiG9w0BAQEFAAOCAg8AMIICCgKCAgEAxffYfgy5lKUy0RSbkwEu\nSWTu0lY1QnVna+S/BBXKtQoVFE85yG0duvdpfKmIBXY9tirhoH74VW9FCdbdbWi5\nNf3S6snflGtXaZJbhK2en/asBOAkwtaED2SFgwNIL7WvsemeK6FF9Y+H4Q3l572u\nD+Cilwm4ETbHhWSNVc1M8Ex9gPFJNsYvcxkHaElREsQukhfBQe2k0apzSxuKis7v\nnWaShwFBtQd5UtFF/3LiO/CilsjddHnqJ/ZYcew0ZLNyHUwOvsL+d8kldWXro+Ov\nBDkA+qLGtjLlv5hCwp8zYhc2Emh3KyoJhyMniDTGfAYrTQjrub7YU65LBGbsvWAP\nk4H720sJN3/X//IlCtOGir8V5vFLMJ67MkAGd27IyI7ePDPLU6k8gWjLZOevneMe\nMX/TrJEfEJBhg0sWt8cX3CPHfIzzTrBDv6zGl9Y7IZE1ZIm+QQfjzqVI/SZjrphL\n54sfs6tJob1Yy40ItfRLbzp/3/RfWfYNxbQuAU/AG3YbyzUrvFf+jJpiSgfEv9rE\no2Yz9jjN0iQLiq4mcuTQUolvDXhKJK2g8F+vxeyrsxw3WyDzywnQNedHjsBG/fIu\n5l1gi2fljlBaw77wFrfg+sirx5zzotwV4+rJtw9obtgMn81LXA1d18ZKvqbA+rIJ\nvrROOI33yXIkbQzbpGK9L0ECAwEAAQ==\n-----END PUBLIC KEY-----\n",
            "rsa_bits": 4096
          },
          "sensitive_attributes": [
            [
              {
                "type": "get_attr",
                "value": "private_key_openssh"
              }
            ],
            [
              {
                "type": "get_attr",
                "value": "private_key_pem"
              }
            ],
            [
              {
                "type": "get_attr",
                "value": "private_key_pem_pkcs8"
              }
            ]
          ]
        }
      ]
    },
    {
      "module": "module.sg",
      "mode": "managed",
      "type": "aws_security_group",
      "name": "web",
      "provider": "provider[\"registry.terraform.io/hashicorp/aws\"]",
      "instances": [
        {
          "schema_version": 1,
          "attributes": {
            "arn": "arn:aws:ec2:ap-south-1:767398031319:security-group/sg-0e349a97c8670f688",
            "description": "Allow web inbound traffic",
            "egress": [
              {
                "cidr_blocks": [
                  "0.0.0.0/0"
                ],
                "description": "",
                "from_port": 0,
                "ipv6_cidr_blocks": [],
                "prefix_list_ids": [],
                "protocol": "-1",
                "security_groups": [],
                "self": false,
                "to_port": 0
              }
            ],
            "id": "sg-0e349a97c8670f688",
            "ingress": [
              {
                "cidr_blocks": [
                  "0.0.0.0/0"
                ],
                "description": "",
                "from_port": 22,
                "ipv6_cidr_blocks": [],
                "prefix_list_ids": [],
                "protocol": "tcp",
                "security_groups": [],
                "self": false,
                "to_port": 22
              },
              {
                "cidr_blocks": [
                  "0.0.0.0/0"
                ],
                "description": "",
                "from_port": 443,
                "ipv6_cidr_blocks": [],
                "prefix_list_ids": [],
                "protocol": "tcp",
                "security_groups": [],
                "self": false,
                "to_port": 443
              },
              {
                "cidr_blocks": [
                  "0.0.0.0/0"
                ],
                "description": "",
                "from_port": 80,
                "ipv6_cidr_blocks": [],
                "prefix_list_ids": [],
                "protocol": "tcp",
                "security_groups": [],
                "self": false,
                "to_port": 80
              }
            ],
            "name": "allow_web_traffic",
            "name_prefix": "",
            "owner_id": "767398031319",
            "revoke_rules_on_delete": false,
            "tags": {
              "Name": "aksya"
            },
            "tags_all": {
              "Name": "aksya"
            },
            "timeouts": null,
            "vpc_id": "vpc-02628226650effff7"
          },
          "sensitive_attributes": [],
          "private": "eyJlMmJmYjczMC1lY2FhLTExZTYtOGY4OC0zNDM2M2JjN2M0YzAiOnsiY3JlYXRlIjo2MDAwMDAwMDAwMDAsImRlbGV0ZSI6OTAwMDAwMDAwMDAwfSwic2NoZW1hX3ZlcnNpb24iOiIxIn0=",
          "dependencies": [
            "module.vpc.aws_vpc.main"
          ]
        }
      ]
    },
    {
      "module": "module.vpc",
      "mode": "managed",
      "type": "aws_internet_gateway",
      "name": "gw",
      "provider": "provider[\"registry.terraform.io/hashicorp/aws\"]",
      "instances": [
        {
          "schema_version": 0,
          "attributes": {
            "arn": "arn:aws:ec2:ap-south-1:767398031319:internet-gateway/igw-01e25b11a485d3a70",
            "id": "igw-01e25b11a485d3a70",
            "owner_id": "767398031319",
            "tags": null,
            "tags_all": {},
            "timeouts": null,
            "vpc_id": "vpc-02628226650effff7"
          },
          "sensitive_attributes": [],
          "private": "eyJlMmJmYjczMC1lY2FhLTExZTYtOGY4OC0zNDM2M2JjN2M0YzAiOnsiY3JlYXRlIjoxMjAwMDAwMDAwMDAwLCJkZWxldGUiOjEyMDAwMDAwMDAwMDAsInVwZGF0ZSI6MTIwMDAwMDAwMDAwMH19",
          "dependencies": [
            "module.vpc.aws_vpc.main"
          ]
        }
      ]
    },
    {
      "module": "module.vpc",
      "mode": "managed",
      "type": "aws_route_table",
      "name": "public",
      "provider": "provider[\"registry.terraform.io/hashicorp/aws\"]",
      "instances": [
        {
          "schema_version": 0,
          "attributes": {
            "arn": "arn:aws:ec2:ap-south-1:767398031319:route-table/rtb-0df95a649046c1bfe",
            "id": "rtb-0df95a649046c1bfe",
            "owner_id": "767398031319",
            "propagating_vgws": [],
            "route": [
              {
                "carrier_gateway_id": "",
                "cidr_block": "0.0.0.0/0",
                "core_network_arn": "",
                "destination_prefix_list_id": "",
                "egress_only_gateway_id": "",
                "gateway_id": "igw-01e25b11a485d3a70",
                "ipv6_cidr_block": "",
                "local_gateway_id": "",
                "nat_gateway_id": "",
                "network_interface_id": "",
                "transit_gateway_id": "",
                "vpc_endpoint_id": "",
                "vpc_peering_connection_id": ""
              }
            ],
            "tags": null,
            "tags_all": {},
            "timeouts": null,
            "vpc_id": "vpc-02628226650effff7"
          },
          "sensitive_attributes": [],
          "private": "eyJlMmJmYjczMC1lY2FhLTExZTYtOGY4OC0zNDM2M2JjN2M0YzAiOnsiY3JlYXRlIjozMDAwMDAwMDAwMDAsImRlbGV0ZSI6MzAwMDAwMDAwMDAwLCJ1cGRhdGUiOjEyMDAwMDAwMDAwMH19",
          "dependencies": [
            "module.vpc.aws_internet_gateway.gw",
            "module.vpc.aws_vpc.main"
          ]
        }
      ]
    },
    {
      "module": "module.vpc",
      "mode": "managed",
      "type": "aws_route_table_association",
      "name": "public",
      "provider": "provider[\"registry.terraform.io/hashicorp/aws\"]",
      "instances": [
        {
          "schema_version": 0,
          "attributes": {
            "gateway_id": "",
            "id": "rtbassoc-0b7c07e14c2a77495",
            "route_table_id": "rtb-0df95a649046c1bfe",
            "subnet_id": "subnet-00f47329313a2fcd0",
            "timeouts": null
          },
          "sensitive_attributes": [],
          "private": "eyJlMmJmYjczMC1lY2FhLTExZTYtOGY4OC0zNDM2M2JjN2M0YzAiOnsiY3JlYXRlIjozMDAwMDAwMDAwMDAsImRlbGV0ZSI6MzAwMDAwMDAwMDAwLCJ1cGRhdGUiOjEyMDAwMDAwMDAwMH19",
          "dependencies": [
            "module.vpc.aws_internet_gateway.gw",
            "module.vpc.aws_route_table.public",
            "module.vpc.aws_subnet.public",
            "module.vpc.aws_vpc.main"
          ]
        }
      ]
    },
    {
      "module": "module.vpc",
      "mode": "managed",
      "type": "aws_subnet",
      "name": "private",
      "provider": "provider[\"registry.terraform.io/hashicorp/aws\"]",
      "instances": [
        {
          "schema_version": 1,
          "attributes": {
            "arn": "arn:aws:ec2:ap-south-1:767398031319:subnet/subnet-0a691e3af887cd897",
            "assign_ipv6_address_on_creation": false,
            "availability_zone": "ap-south-1a",
            "availability_zone_id": "aps1-az1",
            "cidr_block": "10.0.0.0/24",
            "customer_owned_ipv4_pool": "",
            "enable_dns64": false,
            "enable_lni_at_device_index": 0,
            "enable_resource_name_dns_a_record_on_launch": false,
            "enable_resource_name_dns_aaaa_record_on_launch": false,
            "id": "subnet-0a691e3af887cd897",
            "ipv6_cidr_block": "",
            "ipv6_cidr_block_association_id": "",
            "ipv6_native": false,
            "map_customer_owned_ip_on_launch": false,
            "map_public_ip_on_launch": false,
            "outpost_arn": "",
            "owner_id": "767398031319",
            "private_dns_hostname_type_on_launch": "ip-name",
            "tags": null,
            "tags_all": {},
            "timeouts": null,
            "vpc_id": "vpc-02628226650effff7"
          },
          "sensitive_attributes": [],
          "private": "eyJlMmJmYjczMC1lY2FhLTExZTYtOGY4OC0zNDM2M2JjN2M0YzAiOnsiY3JlYXRlIjo2MDAwMDAwMDAwMDAsImRlbGV0ZSI6MTIwMDAwMDAwMDAwMH0sInNjaGVtYV92ZXJzaW9uIjoiMSJ9",
          "dependencies": [
            "module.vpc.aws_vpc.main"
          ]
        }
      ]
    },
    {
      "module": "module.vpc",
      "mode": "managed",
      "type": "aws_subnet",
      "name": "public",
      "provider": "provider[\"registry.terraform.io/hashicorp/aws\"]",
      "instances": [
        {
          "schema_version": 1,
          "attributes": {
            "arn": "arn:aws:ec2:ap-south-1:767398031319:subnet/subnet-00f47329313a2fcd0",
            "assign_ipv6_address_on_creation": false,
            "availability_zone": "ap-south-1a",
            "availability_zone_id": "aps1-az1",
            "cidr_block": "10.0.1.0/24",
            "customer_owned_ipv4_pool": "",
            "enable_dns64": false,
            "enable_lni_at_device_index": 0,
            "enable_resource_name_dns_a_record_on_launch": false,
            "enable_resource_name_dns_aaaa_record_on_launch": false,
            "id": "subnet-00f47329313a2fcd0",
            "ipv6_cidr_block": "",
            "ipv6_cidr_block_association_id": "",
            "ipv6_native": false,
            "map_customer_owned_ip_on_launch": false,
            "map_public_ip_on_launch": true,
            "outpost_arn": "",
            "owner_id": "767398031319",
            "private_dns_hostname_type_on_launch": "ip-name",
            "tags": null,
            "tags_all": {},
            "timeouts": null,
            "vpc_id": "vpc-02628226650effff7"
          },
          "sensitive_attributes": [],
          "private": "eyJlMmJmYjczMC1lY2FhLTExZTYtOGY4OC0zNDM2M2JjN2M0YzAiOnsiY3JlYXRlIjo2MDAwMDAwMDAwMDAsImRlbGV0ZSI6MTIwMDAwMDAwMDAwMH0sInNjaGVtYV92ZXJzaW9uIjoiMSJ9",
          "dependencies": [
            "module.vpc.aws_vpc.main"
          ]
        }
      ]
    },
    {
      "module": "module.vpc",
      "mode": "managed",
      "type": "aws_vpc",
      "name": "main",
      "provider": "provider[\"registry.terraform.io/hashicorp/aws\"]",
      "instances": [
        {
          "schema_version": 1,
          "attributes": {
            "arn": "arn:aws:ec2:ap-south-1:767398031319:vpc/vpc-02628226650effff7",
            "assign_generated_ipv6_cidr_block": false,
            "cidr_block": "10.0.0.0/16",
            "default_network_acl_id": "acl-00315725d95b5c7cb",
            "default_route_table_id": "rtb-0390d49e984857eb2",
            "default_security_group_id": "sg-0c0f9efb86e436aa0",
            "dhcp_options_id": "dopt-05c5f5b7e177b867d",
            "enable_dns_hostnames": false,
            "enable_dns_support": true,
            "enable_network_address_usage_metrics": false,
            "id": "vpc-02628226650effff7",
            "instance_tenancy": "default",
            "ipv4_ipam_pool_id": null,
            "ipv4_netmask_length": null,
            "ipv6_association_id": "",
            "ipv6_cidr_block": "",
            "ipv6_cidr_block_network_border_group": "",
            "ipv6_ipam_pool_id": "",
            "ipv6_netmask_length": 0,
            "main_route_table_id": "rtb-0390d49e984857eb2",
            "owner_id": "767398031319",
            "tags": {
              "Name": "aksya"
            },
            "tags_all": {
              "Name": "aksya"
            }
          },
          "sensitive_attributes": [],
          "private": "eyJzY2hlbWFfdmVyc2lvbiI6IjEifQ=="
        }
      ]
    }
  ],
  "check_results": null
}
